// !$*UTF8*$!
{
	archiveVersion = 1;
	classes = {
	};
	objectVersion = 48;
	objects = {

/* Begin PBXBuildFile section */
		7505DBB21FD4DA4500FBBC43 /* Sepikit_octo.framework in Frameworks */ = {isa = PBXBuildFile; fileRef = 7505DBA81FD4DA4400FBBC43 /* Sepikit_octo.framework */; };
		7505DBB71FD4DA4500FBBC43 /* Sepikit_octoTests.swift in Sources */ = {isa = PBXBuildFile; fileRef = 7505DBB61FD4DA4500FBBC43 /* Sepikit_octoTests.swift */; };
		7505DBB91FD4DA4500FBBC43 /* Sepikit_octo.h in Headers */ = {isa = PBXBuildFile; fileRef = 7505DBAB1FD4DA4400FBBC43 /* Sepikit_octo.h */; settings = {ATTRIBUTES = (Public, ); }; };
		7505DBC41FD4DD9400FBBC43 /* User.swift in Sources */ = {isa = PBXBuildFile; fileRef = 7505DBC31FD4DD9400FBBC43 /* User.swift */; };
		7505DBC71FD4ECBA00FBBC43 /* ServiceManager.swift in Sources */ = {isa = PBXBuildFile; fileRef = 7505DBC61FD4ECBA00FBBC43 /* ServiceManager.swift */; };
		7505DBC91FD4ED2500FBBC43 /* ServiceManager+User.swift in Sources */ = {isa = PBXBuildFile; fileRef = 7505DBC81FD4ED2400FBBC43 /* ServiceManager+User.swift */; };
		7505DBD11FD569B800FBBC43 /* RequestSession.swift in Sources */ = {isa = PBXBuildFile; fileRef = 7505DBD01FD569B800FBBC43 /* RequestSession.swift */; };
		7505DBD31FD569CF00FBBC43 /* Router.swift in Sources */ = {isa = PBXBuildFile; fileRef = 7505DBD21FD569CF00FBBC43 /* Router.swift */; };
/* End PBXBuildFile section */

/* Begin PBXContainerItemProxy section */
		7505DBB31FD4DA4500FBBC43 /* PBXContainerItemProxy */ = {
			isa = PBXContainerItemProxy;
			containerPortal = 7505DB9F1FD4DA4400FBBC43 /* Project object */;
			proxyType = 1;
			remoteGlobalIDString = 7505DBA71FD4DA4400FBBC43;
			remoteInfo = Sepikit.octo;
		};
/* End PBXContainerItemProxy section */

/* Begin PBXFileReference section */
		7505DBA81FD4DA4400FBBC43 /* Sepikit_octo.framework */ = {isa = PBXFileReference; explicitFileType = wrapper.framework; includeInIndex = 0; path = Sepikit_octo.framework; sourceTree = BUILT_PRODUCTS_DIR; };
		7505DBAB1FD4DA4400FBBC43 /* Sepikit_octo.h */ = {isa = PBXFileReference; lastKnownFileType = sourcecode.c.h; path = Sepikit_octo.h; sourceTree = "<group>"; };
		7505DBAC1FD4DA4500FBBC43 /* Info.plist */ = {isa = PBXFileReference; lastKnownFileType = text.plist.xml; path = Info.plist; sourceTree = "<group>"; };
		7505DBB11FD4DA4500FBBC43 /* Sepikit.octoTests.xctest */ = {isa = PBXFileReference; explicitFileType = wrapper.cfbundle; includeInIndex = 0; path = Sepikit.octoTests.xctest; sourceTree = BUILT_PRODUCTS_DIR; };
		7505DBB61FD4DA4500FBBC43 /* Sepikit_octoTests.swift */ = {isa = PBXFileReference; lastKnownFileType = sourcecode.swift; path = Sepikit_octoTests.swift; sourceTree = "<group>"; };
		7505DBB81FD4DA4500FBBC43 /* Info.plist */ = {isa = PBXFileReference; lastKnownFileType = text.plist.xml; path = Info.plist; sourceTree = "<group>"; };
		7505DBC31FD4DD9400FBBC43 /* User.swift */ = {isa = PBXFileReference; lastKnownFileType = sourcecode.swift; path = User.swift; sourceTree = "<group>"; };
		7505DBC61FD4ECBA00FBBC43 /* ServiceManager.swift */ = {isa = PBXFileReference; lastKnownFileType = sourcecode.swift; path = ServiceManager.swift; sourceTree = "<group>"; };
		7505DBC81FD4ED2400FBBC43 /* ServiceManager+User.swift */ = {isa = PBXFileReference; lastKnownFileType = sourcecode.swift; path = "ServiceManager+User.swift"; sourceTree = "<group>"; };
		7505DBD01FD569B800FBBC43 /* RequestSession.swift */ = {isa = PBXFileReference; lastKnownFileType = sourcecode.swift; path = RequestSession.swift; sourceTree = "<group>"; };
		7505DBD21FD569CF00FBBC43 /* Router.swift */ = {isa = PBXFileReference; lastKnownFileType = sourcecode.swift; path = Router.swift; sourceTree = "<group>"; };
/* End PBXFileReference section */

/* Begin PBXFrameworksBuildPhase section */
		7505DBA41FD4DA4400FBBC43 /* Frameworks */ = {
			isa = PBXFrameworksBuildPhase;
			buildActionMask = 2147483647;
			files = (
			);
			runOnlyForDeploymentPostprocessing = 0;
		};
		7505DBAE1FD4DA4500FBBC43 /* Frameworks */ = {
			isa = PBXFrameworksBuildPhase;
			buildActionMask = 2147483647;
			files = (
				7505DBB21FD4DA4500FBBC43 /* Sepikit_octo.framework in Frameworks */,
			);
			runOnlyForDeploymentPostprocessing = 0;
		};
/* End PBXFrameworksBuildPhase section */

/* Begin PBXGroup section */
		7505DB9E1FD4DA4400FBBC43 = {
			isa = PBXGroup;
			children = (
				7505DBAA1FD4DA4400FBBC43 /* Sepikit.octo */,
				7505DBB51FD4DA4500FBBC43 /* Sepikit.octoTests */,
				7505DBA91FD4DA4400FBBC43 /* Products */,
			);
			sourceTree = "<group>";
		};
		7505DBA91FD4DA4400FBBC43 /* Products */ = {
			isa = PBXGroup;
			children = (
				7505DBA81FD4DA4400FBBC43 /* Sepikit_octo.framework */,
				7505DBB11FD4DA4500FBBC43 /* Sepikit.octoTests.xctest */,
			);
			name = Products;
			sourceTree = "<group>";
		};
		7505DBAA1FD4DA4400FBBC43 /* Sepikit.octo */ = {
			isa = PBXGroup;
			children = (
				7505DBCF1FD568F300FBBC43 /* Request */,
				7505DBC51FD4EC4D00FBBC43 /* Service */,
				7505DBC21FD4DD6C00FBBC43 /* Model */,
				7505DBAB1FD4DA4400FBBC43 /* Sepikit_octo.h */,
				7505DBAC1FD4DA4500FBBC43 /* Info.plist */,
			);
			path = Sepikit.octo;
			sourceTree = "<group>";
		};
		7505DBB51FD4DA4500FBBC43 /* Sepikit.octoTests */ = {
			isa = PBXGroup;
			children = (
				7505DBB61FD4DA4500FBBC43 /* Sepikit_octoTests.swift */,
				7505DBB81FD4DA4500FBBC43 /* Info.plist */,
			);
			path = Sepikit.octoTests;
			sourceTree = "<group>";
		};
		7505DBC21FD4DD6C00FBBC43 /* Model */ = {
			isa = PBXGroup;
			children = (
				7505DBC31FD4DD9400FBBC43 /* User.swift */,
			);
			path = Model;
			sourceTree = "<group>";
		};
		7505DBC51FD4EC4D00FBBC43 /* Service */ = {
			isa = PBXGroup;
			children = (
				7505DBC61FD4ECBA00FBBC43 /* ServiceManager.swift */,
				7505DBC81FD4ED2400FBBC43 /* ServiceManager+User.swift */,
			);
			path = Service;
			sourceTree = "<group>";
		};
		7505DBCF1FD568F300FBBC43 /* Request */ = {
			isa = PBXGroup;
			children = (
				7505DBD01FD569B800FBBC43 /* RequestSession.swift */,
				7505DBD21FD569CF00FBBC43 /* Router.swift */,
			);
			path = Request;
			sourceTree = "<group>";
		};
/* End PBXGroup section */

/* Begin PBXHeadersBuildPhase section */
		7505DBA51FD4DA4400FBBC43 /* Headers */ = {
			isa = PBXHeadersBuildPhase;
			buildActionMask = 2147483647;
			files = (
				7505DBB91FD4DA4500FBBC43 /* Sepikit_octo.h in Headers */,
			);
			runOnlyForDeploymentPostprocessing = 0;
		};
/* End PBXHeadersBuildPhase section */

/* Begin PBXNativeTarget section */
		7505DBA71FD4DA4400FBBC43 /* Sepikit.octo */ = {
			isa = PBXNativeTarget;
			buildConfigurationList = 7505DBBC1FD4DA4500FBBC43 /* Build configuration list for PBXNativeTarget "Sepikit.octo" */;
			buildPhases = (
				7505DBA31FD4DA4400FBBC43 /* Sources */,
				7505DBA41FD4DA4400FBBC43 /* Frameworks */,
				7505DBA51FD4DA4400FBBC43 /* Headers */,
				7505DBA61FD4DA4400FBBC43 /* Resources */,
			);
			buildRules = (
			);
			dependencies = (
			);
			name = Sepikit.octo;
			productName = Sepikit.octo;
			productReference = 7505DBA81FD4DA4400FBBC43 /* Sepikit_octo.framework */;
			productType = "com.apple.product-type.framework";
		};
		7505DBB01FD4DA4500FBBC43 /* Sepikit.octoTests */ = {
			isa = PBXNativeTarget;
			buildConfigurationList = 7505DBBF1FD4DA4500FBBC43 /* Build configuration list for PBXNativeTarget "Sepikit.octoTests" */;
			buildPhases = (
				7505DBAD1FD4DA4500FBBC43 /* Sources */,
				7505DBAE1FD4DA4500FBBC43 /* Frameworks */,
				7505DBAF1FD4DA4500FBBC43 /* Resources */,
			);
			buildRules = (
			);
			dependencies = (
				7505DBB41FD4DA4500FBBC43 /* PBXTargetDependency */,
			);
			name = Sepikit.octoTests;
			productName = Sepikit.octoTests;
			productReference = 7505DBB11FD4DA4500FBBC43 /* Sepikit.octoTests.xctest */;
			productType = "com.apple.product-type.bundle.unit-test";
		};
/* End PBXNativeTarget section */

/* Begin PBXProject section */
		7505DB9F1FD4DA4400FBBC43 /* Project object */ = {
			isa = PBXProject;
			attributes = {
				LastSwiftUpdateCheck = 0910;
				LastUpgradeCheck = 0910;
				ORGANIZATIONNAME = "Harry Twan";
				TargetAttributes = {
					7505DBA71FD4DA4400FBBC43 = {
						CreatedOnToolsVersion = 9.1;
						LastSwiftMigration = 0910;
						ProvisioningStyle = Automatic;
					};
					7505DBB01FD4DA4500FBBC43 = {
						CreatedOnToolsVersion = 9.1;
						ProvisioningStyle = Automatic;
					};
				};
			};
			buildConfigurationList = 7505DBA21FD4DA4400FBBC43 /* Build configuration list for PBXProject "Sepikit.octo" */;
			compatibilityVersion = "Xcode 8.0";
			developmentRegion = en;
			hasScannedForEncodings = 0;
			knownRegions = (
				en,
			);
			mainGroup = 7505DB9E1FD4DA4400FBBC43;
			productRefGroup = 7505DBA91FD4DA4400FBBC43 /* Products */;
			projectDirPath = "";
			projectRoot = "";
			targets = (
				7505DBA71FD4DA4400FBBC43 /* Sepikit.octo */,
				7505DBB01FD4DA4500FBBC43 /* Sepikit.octoTests */,
			);
		};
/* End PBXProject section */

/* Begin PBXResourcesBuildPhase section */
		7505DBA61FD4DA4400FBBC43 /* Resources */ = {
			isa = PBXResourcesBuildPhase;
			buildActionMask = 2147483647;
			files = (
			);
			runOnlyForDeploymentPostprocessing = 0;
		};
		7505DBAF1FD4DA4500FBBC43 /* Resources */ = {
			isa = PBXResourcesBuildPhase;
			buildActionMask = 2147483647;
			files = (
			);
			runOnlyForDeploymentPostprocessing = 0;
		};
/* End PBXResourcesBuildPhase section */

/* Begin PBXSourcesBuildPhase section */
		7505DBA31FD4DA4400FBBC43 /* Sources */ = {
			isa = PBXSourcesBuildPhase;
			buildActionMask = 2147483647;
			files = (
				7505DBD11FD569B800FBBC43 /* RequestSession.swift in Sources */,
				7505DBC41FD4DD9400FBBC43 /* User.swift in Sources */,
				7505DBD31FD569CF00FBBC43 /* Router.swift in Sources */,
				7505DBC91FD4ED2500FBBC43 /* ServiceManager+User.swift in Sources */,
				7505DBC71FD4ECBA00FBBC43 /* ServiceManager.swift in Sources */,
			);
			runOnlyForDeploymentPostprocessing = 0;
		};
		7505DBAD1FD4DA4500FBBC43 /* Sources */ = {
			isa = PBXSourcesBuildPhase;
			buildActionMask = 2147483647;
			files = (
				7505DBB71FD4DA4500FBBC43 /* Sepikit_octoTests.swift in Sources */,
			);
			runOnlyForDeploymentPostprocessing = 0;
		};
/* End PBXSourcesBuildPhase section */

/* Begin PBXTargetDependency section */
		7505DBB41FD4DA4500FBBC43 /* PBXTargetDependency */ = {
			isa = PBXTargetDependency;
			target = 7505DBA71FD4DA4400FBBC43 /* Sepikit.octo */;
			targetProxy = 7505DBB31FD4DA4500FBBC43 /* PBXContainerItemProxy */;
		};
/* End PBXTargetDependency section */

/* Begin XCBuildConfiguration section */
		7505DBBA1FD4DA4500FBBC43 /* Debug */ = {
			isa = XCBuildConfiguration;
			buildSettings = {
				ALWAYS_SEARCH_USER_PATHS = NO;
				CLANG_ANALYZER_NONNULL = YES;
				CLANG_ANALYZER_NUMBER_OBJECT_CONVERSION = YES_AGGRESSIVE;
				CLANG_CXX_LANGUAGE_STANDARD = "gnu++14";
				CLANG_CXX_LIBRARY = "libc++";
				CLANG_ENABLE_MODULES = YES;
				CLANG_ENABLE_OBJC_ARC = YES;
				CLANG_WARN_BLOCK_CAPTURE_AUTORELEASING = YES;
				CLANG_WARN_BOOL_CONVERSION = YES;
				CLANG_WARN_COMMA = YES;
				CLANG_WARN_CONSTANT_CONVERSION = YES;
				CLANG_WARN_DIRECT_OBJC_ISA_USAGE = YES_ERROR;
				CLANG_WARN_DOCUMENTATION_COMMENTS = YES;
				CLANG_WARN_EMPTY_BODY = YES;
				CLANG_WARN_ENUM_CONVERSION = YES;
				CLANG_WARN_INFINITE_RECURSION = YES;
				CLANG_WARN_INT_CONVERSION = YES;
				CLANG_WARN_NON_LITERAL_NULL_CONVERSION = YES;
				CLANG_WARN_OBJC_LITERAL_CONVERSION = YES;
				CLANG_WARN_OBJC_ROOT_CLASS = YES_ERROR;
				CLANG_WARN_RANGE_LOOP_ANALYSIS = YES;
				CLANG_WARN_STRICT_PROTOTYPES = YES;
				CLANG_WARN_SUSPICIOUS_MOVE = YES;
				CLANG_WARN_UNGUARDED_AVAILABILITY = YES_AGGRESSIVE;
				CLANG_WARN_UNREACHABLE_CODE = YES;
				CLANG_WARN__DUPLICATE_METHOD_MATCH = YES;
				CODE_SIGN_IDENTITY = "iPhone Developer";
				COPY_PHASE_STRIP = NO;
				CURRENT_PROJECT_VERSION = 1;
				DEBUG_INFORMATION_FORMAT = dwarf;
				ENABLE_STRICT_OBJC_MSGSEND = YES;
				ENABLE_TESTABILITY = YES;
				GCC_C_LANGUAGE_STANDARD = gnu11;
				GCC_DYNAMIC_NO_PIC = NO;
				GCC_NO_COMMON_BLOCKS = YES;
				GCC_OPTIMIZATION_LEVEL = 0;
				GCC_PREPROCESSOR_DEFINITIONS = (
					"DEBUG=1",
					"$(inherited)",
				);
				GCC_WARN_64_TO_32_BIT_CONVERSION = YES;
				GCC_WARN_ABOUT_RETURN_TYPE = YES_ERROR;
				GCC_WARN_UNDECLARED_SELECTOR = YES;
				GCC_WARN_UNINITIALIZED_AUTOS = YES_AGGRESSIVE;
				GCC_WARN_UNUSED_FUNCTION = YES;
				GCC_WARN_UNUSED_VARIABLE = YES;
				IPHONEOS_DEPLOYMENT_TARGET = 11.1;
				MTL_ENABLE_DEBUG_INFO = YES;
				ONLY_ACTIVE_ARCH = YES;
				SDKROOT = iphoneos;
				SWIFT_ACTIVE_COMPILATION_CONDITIONS = DEBUG;
				SWIFT_OPTIMIZATION_LEVEL = "-Onone";
				VERSIONING_SYSTEM = "apple-generic";
				VERSION_INFO_PREFIX = "";
			};
			name = Debug;
		};
		7505DBBB1FD4DA4500FBBC43 /* Release */ = {
			isa = XCBuildConfiguration;
			buildSettings = {
				ALWAYS_SEARCH_USER_PATHS = NO;
				CLANG_ANALYZER_NONNULL = YES;
				CLANG_ANALYZER_NUMBER_OBJECT_CONVERSION = YES_AGGRESSIVE;
				CLANG_CXX_LANGUAGE_STANDARD = "gnu++14";
				CLANG_CXX_LIBRARY = "libc++";
				CLANG_ENABLE_MODULES = YES;
				CLANG_ENABLE_OBJC_ARC = YES;
				CLANG_WARN_BLOCK_CAPTURE_AUTORELEASING = YES;
				CLANG_WARN_BOOL_CONVERSION = YES;
				CLANG_WARN_COMMA = YES;
				CLANG_WARN_CONSTANT_CONVERSION = YES;
				CLANG_WARN_DIRECT_OBJC_ISA_USAGE = YES_ERROR;
				CLANG_WARN_DOCUMENTATION_COMMENTS = YES;
				CLANG_WARN_EMPTY_BODY = YES;
				CLANG_WARN_ENUM_CONVERSION = YES;
				CLANG_WARN_INFINITE_RECURSION = YES;
				CLANG_WARN_INT_CONVERSION = YES;
				CLANG_WARN_NON_LITERAL_NULL_CONVERSION = YES;
				CLANG_WARN_OBJC_LITERAL_CONVERSION = YES;
				CLANG_WARN_OBJC_ROOT_CLASS = YES_ERROR;
				CLANG_WARN_RANGE_LOOP_ANALYSIS = YES;
				CLANG_WARN_STRICT_PROTOTYPES = YES;
				CLANG_WARN_SUSPICIOUS_MOVE = YES;
				CLANG_WARN_UNGUARDED_AVAILABILITY = YES_AGGRESSIVE;
				CLANG_WARN_UNREACHABLE_CODE = YES;
				CLANG_WARN__DUPLICATE_METHOD_MATCH = YES;
				CODE_SIGN_IDENTITY = "iPhone Developer";
				COPY_PHASE_STRIP = NO;
				CURRENT_PROJECT_VERSION = 1;
				DEBUG_INFORMATION_FORMAT = "dwarf-with-dsym";
				ENABLE_NS_ASSERTIONS = NO;
				ENABLE_STRICT_OBJC_MSGSEND = YES;
				GCC_C_LANGUAGE_STANDARD = gnu11;
				GCC_NO_COMMON_BLOCKS = YES;
				GCC_WARN_64_TO_32_BIT_CONVERSION = YES;
				GCC_WARN_ABOUT_RETURN_TYPE = YES_ERROR;
				GCC_WARN_UNDECLARED_SELECTOR = YES;
				GCC_WARN_UNINITIALIZED_AUTOS = YES_AGGRESSIVE;
				GCC_WARN_UNUSED_FUNCTION = YES;
				GCC_WARN_UNUSED_VARIABLE = YES;
				IPHONEOS_DEPLOYMENT_TARGET = 11.1;
				MTL_ENABLE_DEBUG_INFO = NO;
				SDKROOT = iphoneos;
				SWIFT_OPTIMIZATION_LEVEL = "-Owholemodule";
				VALIDATE_PRODUCT = YES;
				VERSIONING_SYSTEM = "apple-generic";
				VERSION_INFO_PREFIX = "";
			};
			name = Release;
		};
		7505DBBD1FD4DA4500FBBC43 /* Debug */ = {
			isa = XCBuildConfiguration;
			buildSettings = {
				CLANG_ENABLE_MODULES = YES;
				CODE_SIGN_IDENTITY = "";
				CODE_SIGN_STYLE = Automatic;
				DEFINES_MODULE = YES;
				DEVELOPMENT_TEAM = DNL5G5M9A8;
				DYLIB_COMPATIBILITY_VERSION = 1;
				DYLIB_CURRENT_VERSION = 1;
				DYLIB_INSTALL_NAME_BASE = "@rpath";
				INFOPLIST_FILE = Sepikit.octo/Info.plist;
				INSTALL_PATH = "$(LOCAL_LIBRARY_DIR)/Frameworks";
				LD_RUNPATH_SEARCH_PATHS = "$(inherited) @executable_path/Frameworks @loader_path/Frameworks";
				PRODUCT_BUNDLE_IDENTIFIER = "com.desgard.Sepikit-octo";
				PRODUCT_NAME = "$(TARGET_NAME:c99extidentifier)";
				SKIP_INSTALL = YES;
				SWIFT_OPTIMIZATION_LEVEL = "-Onone";
				SWIFT_VERSION = 4.0;
				TARGETED_DEVICE_FAMILY = "1,2";
			};
			name = Debug;
		};
		7505DBBE1FD4DA4500FBBC43 /* Release */ = {
			isa = XCBuildConfiguration;
			buildSettings = {
				CLANG_ENABLE_MODULES = YES;
				CODE_SIGN_IDENTITY = "";
				CODE_SIGN_STYLE = Automatic;
				DEFINES_MODULE = YES;
				DEVELOPMENT_TEAM = DNL5G5M9A8;
				DYLIB_COMPATIBILITY_VERSION = 1;
				DYLIB_CURRENT_VERSION = 1;
				DYLIB_INSTALL_NAME_BASE = "@rpath";
				INFOPLIST_FILE = Sepikit.octo/Info.plist;
				INSTALL_PATH = "$(LOCAL_LIBRARY_DIR)/Frameworks";
				LD_RUNPATH_SEARCH_PATHS = "$(inherited) @executable_path/Frameworks @loader_path/Frameworks";
				PRODUCT_BUNDLE_IDENTIFIER = "com.desgard.Sepikit-octo";
				PRODUCT_NAME = "$(TARGET_NAME:c99extidentifier)";
				SKIP_INSTALL = YES;
				SWIFT_VERSION = 4.0;
				TARGETED_DEVICE_FAMILY = "1,2";
			};
			name = Release;
		};
		7505DBC01FD4DA4500FBBC43 /* Debug */ = {
			isa = XCBuildConfiguration;
			buildSettings = {
				ALWAYS_EMBED_SWIFT_STANDARD_LIBRARIES = YES;
				CODE_SIGN_STYLE = Automatic;
				DEVELOPMENT_TEAM = DNL5G5M9A8;
				INFOPLIST_FILE = Sepikit.octoTests/Info.plist;
				LD_RUNPATH_SEARCH_PATHS = "$(inherited) @executable_path/Frameworks @loader_path/Frameworks";
				PRODUCT_BUNDLE_IDENTIFIER = "com.desgard.Sepikit-octoTests";
				PRODUCT_NAME = "$(TARGET_NAME)";
				SWIFT_VERSION = 4.0;
				TARGETED_DEVICE_FAMILY = "1,2";
			};
			name = Debug;
		};
		7505DBC11FD4DA4500FBBC43 /* Release */ = {
			isa = XCBuildConfiguration;
			buildSettings = {
				ALWAYS_EMBED_SWIFT_STANDARD_LIBRARIES = YES;
				CODE_SIGN_STYLE = Automatic;
				DEVELOPMENT_TEAM = DNL5G5M9A8;
				INFOPLIST_FILE = Sepikit.octoTests/Info.plist;
				LD_RUNPATH_SEARCH_PATHS = "$(inherited) @executable_path/Frameworks @loader_path/Frameworks";
				PRODUCT_BUNDLE_IDENTIFIER = "com.desgard.Sepikit-octoTests";
				PRODUCT_NAME = "$(TARGET_NAME)";
				SWIFT_VERSION = 4.0;
				TARGETED_DEVICE_FAMILY = "1,2";
			};
			name = Release;
		};
/* End XCBuildConfiguration section */

/* Begin XCConfigurationList section */
		7505DBA21FD4DA4400FBBC43 /* Build configuration list for PBXProject "Sepikit.octo" */ = {
			isa = XCConfigurationList;
			buildConfigurations = (
				7505DBBA1FD4DA4500FBBC43 /* Debug */,
				7505DBBB1FD4DA4500FBBC43 /* Release */,
			);
			defaultConfigurationIsVisible = 0;
			defaultConfigurationName = Release;
		};
		7505DBBC1FD4DA4500FBBC43 /* Build configuration list for PBXNativeTarget "Sepikit.octo" */ = {
			isa = XCConfigurationList;
			buildConfigurations = (
				7505DBBD1FD4DA4500FBBC43 /* Debug */,
				7505DBBE1FD4DA4500FBBC43 /* Release */,
			);
			defaultConfigurationIsVisible = 0;
			defaultConfigurationName = Release;
		};
		7505DBBF1FD4DA4500FBBC43 /* Build configuration list for PBXNativeTarget "Sepikit.octoTests" */ = {
			isa = XCConfigurationList;
			buildConfigurations = (
				7505DBC01FD4DA4500FBBC43 /* Debug */,
				7505DBC11FD4DA4500FBBC43 /* Release */,
			);
			defaultConfigurationIsVisible = 0;
			defaultConfigurationName = Release;
		};
/* End XCConfigurationList section */
	};
	rootObject = 7505DB9F1FD4DA4400FBBC43 /* Project object */;
}
